// !$*UTF8*$!
{
	archiveVersion = 1;
	classes = {
	};
	objectVersion = 56;
	objects = {

/* Begin PBXBuildFile section */
		1AE5621C29AFD49F004A9BFB /* DateHolder.swift in Sources */ = {isa = PBXBuildFile; fileRef = 1AE5621B29AFD49F004A9BFB /* DateHolder.swift */; };
		1AE5621E29AFD623004A9BFB /* DateScrollerView.swift in Sources */ = {isa = PBXBuildFile; fileRef = 1AE5621D29AFD623004A9BFB /* DateScrollerView.swift */; };
		1AF6A6AC29AE632E008B1C48 /* Emre_NoteApp.swift in Sources */ = {isa = PBXBuildFile; fileRef = 1AF6A6AB29AE632E008B1C48 /* Emre_NoteApp.swift */; };
		1AF6A6B129AE632E008B1C48 /* Emre_Note.xcdatamodeld in Sources */ = {isa = PBXBuildFile; fileRef = 1AF6A6AF29AE632E008B1C48 /* Emre_Note.xcdatamodeld */; };
		1AF6A6B329AE632E008B1C48 /* ContentView.swift in Sources */ = {isa = PBXBuildFile; fileRef = 1AF6A6B229AE632E008B1C48 /* ContentView.swift */; };
		1AF6A6B529AE632E008B1C48 /* Assets.xcassets in Resources */ = {isa = PBXBuildFile; fileRef = 1AF6A6B429AE632E008B1C48 /* Assets.xcassets */; };
		1AF6A6B929AE632E008B1C48 /* Preview Assets.xcassets in Resources */ = {isa = PBXBuildFile; fileRef = 1AF6A6B829AE632E008B1C48 /* Preview Assets.xcassets */; };
		1AF7800E29B3E224002CD28E /* CalendarHelper.swift in Sources */ = {isa = PBXBuildFile; fileRef = 1AF7800D29B3E224002CD28E /* CalendarHelper.swift */; };
		1AF7801029B3E78A002CD28E /* CalendarCell.swift in Sources */ = {isa = PBXBuildFile; fileRef = 1AF7800F29B3E78A002CD28E /* CalendarCell.swift */; };
		1AF7801229B3E863002CD28E /* MonthStruct.swift in Sources */ = {isa = PBXBuildFile; fileRef = 1AF7801129B3E863002CD28E /* MonthStruct.swift */; };
		1AF7801629B78743002CD28E /* NoteView.swift in Sources */ = {isa = PBXBuildFile; fileRef = 1AF7801529B78743002CD28E /* NoteView.swift */; };
/* End PBXBuildFile section */

/* Begin PBXFileReference section */
		1AE5621B29AFD49F004A9BFB /* DateHolder.swift */ = {isa = PBXFileReference; lastKnownFileType = sourcecode.swift; path = DateHolder.swift; sourceTree = "<group>"; };
		1AE5621D29AFD623004A9BFB /* DateScrollerView.swift */ = {isa = PBXFileReference; lastKnownFileType = sourcecode.swift; path = DateScrollerView.swift; sourceTree = "<group>"; };
		1AF6A6A829AE632E008B1C48 /* Emre Note.app */ = {isa = PBXFileReference; explicitFileType = wrapper.application; includeInIndex = 0; path = "Emre Note.app"; sourceTree = BUILT_PRODUCTS_DIR; };
		1AF6A6AB29AE632E008B1C48 /* Emre_NoteApp.swift */ = {isa = PBXFileReference; lastKnownFileType = sourcecode.swift; path = Emre_NoteApp.swift; sourceTree = "<group>"; };
		1AF6A6B029AE632E008B1C48 /* Emre_Note.xcdatamodel */ = {isa = PBXFileReference; lastKnownFileType = wrapper.xcdatamodel; path = Emre_Note.xcdatamodel; sourceTree = "<group>"; };
		1AF6A6B229AE632E008B1C48 /* ContentView.swift */ = {isa = PBXFileReference; lastKnownFileType = sourcecode.swift; path = ContentView.swift; sourceTree = "<group>"; };
		1AF6A6B429AE632E008B1C48 /* Assets.xcassets */ = {isa = PBXFileReference; lastKnownFileType = folder.assetcatalog; path = Assets.xcassets; sourceTree = "<group>"; };
		1AF6A6B629AE632E008B1C48 /* Emre_Note.entitlements */ = {isa = PBXFileReference; lastKnownFileType = text.plist.entitlements; path = Emre_Note.entitlements; sourceTree = "<group>"; };
		1AF6A6B829AE632E008B1C48 /* Preview Assets.xcassets */ = {isa = PBXFileReference; lastKnownFileType = folder.assetcatalog; path = "Preview Assets.xcassets"; sourceTree = "<group>"; };
		1AF7800D29B3E224002CD28E /* CalendarHelper.swift */ = {isa = PBXFileReference; lastKnownFileType = sourcecode.swift; path = CalendarHelper.swift; sourceTree = "<group>"; };
		1AF7800F29B3E78A002CD28E /* CalendarCell.swift */ = {isa = PBXFileReference; lastKnownFileType = sourcecode.swift; path = CalendarCell.swift; sourceTree = "<group>"; };
		1AF7801129B3E863002CD28E /* MonthStruct.swift */ = {isa = PBXFileReference; lastKnownFileType = sourcecode.swift; path = MonthStruct.swift; sourceTree = "<group>"; };
		1AF7801529B78743002CD28E /* NoteView.swift */ = {isa = PBXFileReference; lastKnownFileType = sourcecode.swift; path = NoteView.swift; sourceTree = "<group>"; };
/* End PBXFileReference section */

/* Begin PBXFrameworksBuildPhase section */
		1AF6A6A529AE632E008B1C48 /* Frameworks */ = {
			isa = PBXFrameworksBuildPhase;
			buildActionMask = 2147483647;
			files = (
			);
			runOnlyForDeploymentPostprocessing = 0;
		};
/* End PBXFrameworksBuildPhase section */

/* Begin PBXGroup section */
		1AF6A69F29AE632E008B1C48 = {
			isa = PBXGroup;
			children = (
				1AF6A6AA29AE632E008B1C48 /* Emre Note */,
				1AF6A6A929AE632E008B1C48 /* Products */,
			);
			sourceTree = "<group>";
		};
		1AF6A6A929AE632E008B1C48 /* Products */ = {
			isa = PBXGroup;
			children = (
				1AF6A6A829AE632E008B1C48 /* Emre Note.app */,
			);
			name = Products;
			sourceTree = "<group>";
		};
		1AF6A6AA29AE632E008B1C48 /* Emre Note */ = {
			isa = PBXGroup;
			children = (
				1AF6A6AB29AE632E008B1C48 /* Emre_NoteApp.swift */,
				1AF7800D29B3E224002CD28E /* CalendarHelper.swift */,
				1AE5621B29AFD49F004A9BFB /* DateHolder.swift */,
				1AE5621D29AFD623004A9BFB /* DateScrollerView.swift */,
				1AF7801529B78743002CD28E /* NoteView.swift */,
				1AF7800F29B3E78A002CD28E /* CalendarCell.swift */,
				1AF6A6B229AE632E008B1C48 /* ContentView.swift */,
				1AF7801129B3E863002CD28E /* MonthStruct.swift */,
				1AF6A6B429AE632E008B1C48 /* Assets.xcassets */,
				1AF6A6B629AE632E008B1C48 /* Emre_Note.entitlements */,
				1AF6A6AF29AE632E008B1C48 /* Emre_Note.xcdatamodeld */,
				1AF6A6B729AE632E008B1C48 /* Preview Content */,
			);
			path = "Emre Note";
			sourceTree = "<group>";
		};
		1AF6A6B729AE632E008B1C48 /* Preview Content */ = {
			isa = PBXGroup;
			children = (
				1AF6A6B829AE632E008B1C48 /* Preview Assets.xcassets */,
			);
			path = "Preview Content";
			sourceTree = "<group>";
		};
/* End PBXGroup section */

/* Begin PBXNativeTarget section */
		1AF6A6A729AE632E008B1C48 /* Emre Note */ = {
			isa = PBXNativeTarget;
			buildConfigurationList = 1AF6A6BC29AE632E008B1C48 /* Build configuration list for PBXNativeTarget "Emre Note" */;
			buildPhases = (
				1AF6A6A429AE632E008B1C48 /* Sources */,
				1AF6A6A529AE632E008B1C48 /* Frameworks */,
				1AF6A6A629AE632E008B1C48 /* Resources */,
			);
			buildRules = (
			);
			dependencies = (
			);
			name = "Emre Note";
			productName = "Emre Note";
			productReference = 1AF6A6A829AE632E008B1C48 /* Emre Note.app */;
			productType = "com.apple.product-type.application";
		};
/* End PBXNativeTarget section */

/* Begin PBXProject section */
		1AF6A6A029AE632E008B1C48 /* Project object */ = {
			isa = PBXProject;
			attributes = {
				BuildIndependentTargetsInParallel = 1;
				LastSwiftUpdateCheck = 1420;
				LastUpgradeCheck = 1420;
				TargetAttributes = {
					1AF6A6A729AE632E008B1C48 = {
						CreatedOnToolsVersion = 14.2;
					};
				};
			};
			buildConfigurationList = 1AF6A6A329AE632E008B1C48 /* Build configuration list for PBXProject "Emre Note" */;
			compatibilityVersion = "Xcode 14.0";
			developmentRegion = en;
			hasScannedForEncodings = 0;
			knownRegions = (
				en,
				Base,
			);
			mainGroup = 1AF6A69F29AE632E008B1C48;
			productRefGroup = 1AF6A6A929AE632E008B1C48 /* Products */;
			projectDirPath = "";
			projectRoot = "";
			targets = (
				1AF6A6A729AE632E008B1C48 /* Emre Note */,
			);
		};
/* End PBXProject section */

/* Begin PBXResourcesBuildPhase section */
		1AF6A6A629AE632E008B1C48 /* Resources */ = {
			isa = PBXResourcesBuildPhase;
			buildActionMask = 2147483647;
			files = (
				1AF6A6B929AE632E008B1C48 /* Preview Assets.xcassets in Resources */,
				1AF6A6B529AE632E008B1C48 /* Assets.xcassets in Resources */,
			);
			runOnlyForDeploymentPostprocessing = 0;
		};
/* End PBXResourcesBuildPhase section */

/* Begin PBXSourcesBuildPhase section */
		1AF6A6A429AE632E008B1C48 /* Sources */ = {
			isa = PBXSourcesBuildPhase;
			buildActionMask = 2147483647;
			files = (
				1AF6A6AC29AE632E008B1C48 /* Emre_NoteApp.swift in Sources */,
				1AF7801029B3E78A002CD28E /* CalendarCell.swift in Sources */,
				1AF7800E29B3E224002CD28E /* CalendarHelper.swift in Sources */,
				1AE5621E29AFD623004A9BFB /* DateScrollerView.swift in Sources */,
				1AE5621C29AFD49F004A9BFB /* DateHolder.swift in Sources */,
				1AF6A6B329AE632E008B1C48 /* ContentView.swift in Sources */,
				1AF6A6B129AE632E008B1C48 /* Emre_Note.xcdatamodeld in Sources */,
				1AF7801229B3E863002CD28E /* MonthStruct.swift in Sources */,
				1AF7801629B78743002CD28E /* NoteView.swift in Sources */,
			);
			runOnlyForDeploymentPostprocessing = 0;
		};
/* End PBXSourcesBuildPhase section */

/* Begin XCBuildConfiguration section */
		1AF6A6BA29AE632E008B1C48 /* Debug */ = {
			isa = XCBuildConfiguration;
			buildSettings = {
				ALWAYS_SEARCH_USER_PATHS = NO;
				CLANG_ANALYZER_NONNULL = YES;
				CLANG_ANALYZER_NUMBER_OBJECT_CONVERSION = YES_AGGRESSIVE;
				CLANG_CXX_LANGUAGE_STANDARD = "gnu++20";
				CLANG_ENABLE_MODULES = YES;
				CLANG_ENABLE_OBJC_ARC = YES;
				CLANG_ENABLE_OBJC_WEAK = YES;
				CLANG_WARN_BLOCK_CAPTURE_AUTORELEASING = YES;
				CLANG_WARN_BOOL_CONVERSION = YES;
				CLANG_WARN_COMMA = YES;
				CLANG_WARN_CONSTANT_CONVERSION = YES;
				CLANG_WARN_DEPRECATED_OBJC_IMPLEMENTATIONS = YES;
				CLANG_WARN_DIRECT_OBJC_ISA_USAGE = YES_ERROR;
				CLANG_WARN_DOCUMENTATION_COMMENTS = YES;
				CLANG_WARN_EMPTY_BODY = YES;
				CLANG_WARN_ENUM_CONVERSION = YES;
				CLANG_WARN_INFINITE_RECURSION = YES;
				CLANG_WARN_INT_CONVERSION = YES;
				CLANG_WARN_NON_LITERAL_NULL_CONVERSION = YES;
				CLANG_WARN_OBJC_IMPLICIT_RETAIN_SELF = YES;
				CLANG_WARN_OBJC_LITERAL_CONVERSION = YES;
				CLANG_WARN_OBJC_ROOT_CLASS = YES_ERROR;
				CLANG_WARN_QUOTED_INCLUDE_IN_FRAMEWORK_HEADER = YES;
				CLANG_WARN_RANGE_LOOP_ANALYSIS = YES;
				CLANG_WARN_STRICT_PROTOTYPES = YES;
				CLANG_WARN_SUSPICIOUS_MOVE = YES;
				CLANG_WARN_UNGUARDED_AVAILABILITY = YES_AGGRESSIVE;
				CLANG_WARN_UNREACHABLE_CODE = YES;
				CLANG_WARN__DUPLICATE_METHOD_MATCH = YES;
				COPY_PHASE_STRIP = NO;
				DEBUG_INFORMATION_FORMAT = dwarf;
				ENABLE_STRICT_OBJC_MSGSEND = YES;
				ENABLE_TESTABILITY = YES;
				GCC_C_LANGUAGE_STANDARD = gnu11;
				GCC_DYNAMIC_NO_PIC = NO;
				GCC_NO_COMMON_BLOCKS = YES;
				GCC_OPTIMIZATION_LEVEL = 0;
				GCC_PREPROCESSOR_DEFINITIONS = (
					"DEBUG=1",
					"$(inherited)",
				);
				GCC_WARN_64_TO_32_BIT_CONVERSION = YES;
				GCC_WARN_ABOUT_RETURN_TYPE = YES_ERROR;
				GCC_WARN_UNDECLARED_SELECTOR = YES;
				GCC_WARN_UNINITIALIZED_AUTOS = YES_AGGRESSIVE;
				GCC_WARN_UNUSED_FUNCTION = YES;
				GCC_WARN_UNUSED_VARIABLE = YES;
				MTL_ENABLE_DEBUG_INFO = INCLUDE_SOURCE;
				MTL_FAST_MATH = YES;
				ONLY_ACTIVE_ARCH = YES;
				SWIFT_ACTIVE_COMPILATION_CONDITIONS = DEBUG;
				SWIFT_OPTIMIZATION_LEVEL = "-Onone";
			};
			name = Debug;
		};
		1AF6A6BB29AE632E008B1C48 /* Release */ = {
			isa = XCBuildConfiguration;
			buildSettings = {
				ALWAYS_SEARCH_USER_PATHS = NO;
				CLANG_ANALYZER_NONNULL = YES;
				CLANG_ANALYZER_NUMBER_OBJECT_CONVERSION = YES_AGGRESSIVE;
				CLANG_CXX_LANGUAGE_STANDARD = "gnu++20";
				CLANG_ENABLE_MODULES = YES;
				CLANG_ENABLE_OBJC_ARC = YES;
				CLANG_ENABLE_OBJC_WEAK = YES;
				CLANG_WARN_BLOCK_CAPTURE_AUTORELEASING = YES;
				CLANG_WARN_BOOL_CONVERSION = YES;
				CLANG_WARN_COMMA = YES;
				CLANG_WARN_CONSTANT_CONVERSION = YES;
				CLANG_WARN_DEPRECATED_OBJC_IMPLEMENTATIONS = YES;
				CLANG_WARN_DIRECT_OBJC_ISA_USAGE = YES_ERROR;
				CLANG_WARN_DOCUMENTATION_COMMENTS = YES;
				CLANG_WARN_EMPTY_BODY = YES;
				CLANG_WARN_ENUM_CONVERSION = YES;
				CLANG_WARN_INFINITE_RECURSION = YES;
				CLANG_WARN_INT_CONVERSION = YES;
				CLANG_WARN_NON_LITERAL_NULL_CONVERSION = YES;
				CLANG_WARN_OBJC_IMPLICIT_RETAIN_SELF = YES;
				CLANG_WARN_OBJC_LITERAL_CONVERSION = YES;
				CLANG_WARN_OBJC_ROOT_CLASS = YES_ERROR;
				CLANG_WARN_QUOTED_INCLUDE_IN_FRAMEWORK_HEADER = YES;
				CLANG_WARN_RANGE_LOOP_ANALYSIS = YES;
				CLANG_WARN_STRICT_PROTOTYPES = YES;
				CLANG_WARN_SUSPICIOUS_MOVE = YES;
				CLANG_WARN_UNGUARDED_AVAILABILITY = YES_AGGRESSIVE;
				CLANG_WARN_UNREACHABLE_CODE = YES;
				CLANG_WARN__DUPLICATE_METHOD_MATCH = YES;
				COPY_PHASE_STRIP = NO;
				DEBUG_INFORMATION_FORMAT = "dwarf-with-dsym";
				ENABLE_NS_ASSERTIONS = NO;
				ENABLE_STRICT_OBJC_MSGSEND = YES;
				GCC_C_LANGUAGE_STANDARD = gnu11;
				GCC_NO_COMMON_BLOCKS = YES;
				GCC_WARN_64_TO_32_BIT_CONVERSION = YES;
				GCC_WARN_ABOUT_RETURN_TYPE = YES_ERROR;
				GCC_WARN_UNDECLARED_SELECTOR = YES;
				GCC_WARN_UNINITIALIZED_AUTOS = YES_AGGRESSIVE;
				GCC_WARN_UNUSED_FUNCTION = YES;
				GCC_WARN_UNUSED_VARIABLE = YES;
				MTL_ENABLE_DEBUG_INFO = NO;
				MTL_FAST_MATH = YES;
				SWIFT_COMPILATION_MODE = wholemodule;
				SWIFT_OPTIMIZATION_LEVEL = "-O";
			};
			name = Release;
		};
		1AF6A6BD29AE632E008B1C48 /* Debug */ = {
			isa = XCBuildConfiguration;
			buildSettings = {
				ASSETCATALOG_COMPILER_APPICON_NAME = AppIcon;
				ASSETCATALOG_COMPILER_GLOBAL_ACCENT_COLOR_NAME = AccentColor;
				CODE_SIGN_ENTITLEMENTS = "Emre Note/Emre_Note.entitlements";
				CODE_SIGN_STYLE = Automatic;
				CURRENT_PROJECT_VERSION = 1;
				DEVELOPMENT_ASSET_PATHS = "\"Emre Note/Preview Content\"";
				DEVELOPMENT_TEAM = ZA9WV57LUP;
				ENABLE_HARDENED_RUNTIME = YES;
				ENABLE_PREVIEWS = YES;
				GENERATE_INFOPLIST_FILE = YES;
				"INFOPLIST_KEY_UIApplicationSceneManifest_Generation[sdk=iphoneos*]" = YES;
				"INFOPLIST_KEY_UIApplicationSceneManifest_Generation[sdk=iphonesimulator*]" = YES;
				"INFOPLIST_KEY_UIApplicationSupportsIndirectInputEvents[sdk=iphoneos*]" = YES;
				"INFOPLIST_KEY_UIApplicationSupportsIndirectInputEvents[sdk=iphonesimulator*]" = YES;
				"INFOPLIST_KEY_UILaunchScreen_Generation[sdk=iphoneos*]" = YES;
				"INFOPLIST_KEY_UILaunchScreen_Generation[sdk=iphonesimulator*]" = YES;
				"INFOPLIST_KEY_UIStatusBarStyle[sdk=iphoneos*]" = UIStatusBarStyleDefault;
				"INFOPLIST_KEY_UIStatusBarStyle[sdk=iphonesimulator*]" = UIStatusBarStyleDefault;
				INFOPLIST_KEY_UISupportedInterfaceOrientations_iPad = "UIInterfaceOrientationPortrait UIInterfaceOrientationPortraitUpsideDown UIInterfaceOrientationLandscapeLeft UIInterfaceOrientationLandscapeRight";
				INFOPLIST_KEY_UISupportedInterfaceOrientations_iPhone = "UIInterfaceOrientationPortrait UIInterfaceOrientationLandscapeLeft UIInterfaceOrientationLandscapeRight";
				IPHONEOS_DEPLOYMENT_TARGET = 16.0;
				LD_RUNPATH_SEARCH_PATHS = "@executable_path/Frameworks";
				"LD_RUNPATH_SEARCH_PATHS[sdk=macosx*]" = "@executable_path/../Frameworks";
				MACOSX_DEPLOYMENT_TARGET = 12.5;
				MARKETING_VERSION = 1.0;
				PRODUCT_BUNDLE_IDENTIFIER = "com.emrehoser.Emre-Note";
				PRODUCT_NAME = "$(TARGET_NAME)";
				SDKROOT = auto;
				SUPPORTED_PLATFORMS = "iphoneos iphonesimulator macosx";
				SWIFT_EMIT_LOC_STRINGS = YES;
				SWIFT_VERSION = 5.0;
				TARGETED_DEVICE_FAMILY = "1,2";
			};
			name = Debug;
		};
		1AF6A6BE29AE632E008B1C48 /* Release */ = {
			isa = XCBuildConfiguration;
			buildSettings = {
				ASSETCATALOG_COMPILER_APPICON_NAME = AppIcon;
				ASSETCATALOG_COMPILER_GLOBAL_ACCENT_COLOR_NAME = AccentColor;
				CODE_SIGN_ENTITLEMENTS = "Emre Note/Emre_Note.entitlements";
				CODE_SIGN_STYLE = Automatic;
				CURRENT_PROJECT_VERSION = 1;
				DEVELOPMENT_ASSET_PATHS = "\"Emre Note/Preview Content\"";
				DEVELOPMENT_TEAM = ZA9WV57LUP;
				ENABLE_HARDENED_RUNTIME = YES;
				ENABLE_PREVIEWS = YES;
				GENERATE_INFOPLIST_FILE = YES;
				"INFOPLIST_KEY_UIApplicationSceneManifest_Generation[sdk=iphoneos*]" = YES;
				"INFOPLIST_KEY_UIApplicationSceneManifest_Generation[sdk=iphonesimulator*]" = YES;
				"INFOPLIST_KEY_UIApplicationSupportsIndirectInputEvents[sdk=iphoneos*]" = YES;
				"INFOPLIST_KEY_UIApplicationSupportsIndirectInputEvents[sdk=iphonesimulator*]" = YES;
				"INFOPLIST_KEY_UILaunchScreen_Generation[sdk=iphoneos*]" = YES;
				"INFOPLIST_KEY_UILaunchScreen_Generation[sdk=iphonesimulator*]" = YES;
				"INFOPLIST_KEY_UIStatusBarStyle[sdk=iphoneos*]" = UIStatusBarStyleDefault;
				"INFOPLIST_KEY_UIStatusBarStyle[sdk=iphonesimulator*]" = UIStatusBarStyleDefault;
				INFOPLIST_KEY_UISupportedInterfaceOrientations_iPad = "UIInterfaceOrientationPortrait UIInterfaceOrientationPortraitUpsideDown UIInterfaceOrientationLandscapeLeft UIInterfaceOrientationLandscapeRight";
				INFOPLIST_KEY_UISupportedInterfaceOrientations_iPhone = "UIInterfaceOrientationPortrait UIInterfaceOrientationLandscapeLeft UIInterfaceOrientationLandscapeRight";
				IPHONEOS_DEPLOYMENT_TARGET = 16.0;
				LD_RUNPATH_SEARCH_PATHS = "@executable_path/Frameworks";
				"LD_RUNPATH_SEARCH_PATHS[sdk=macosx*]" = "@executable_path/../Frameworks";
				MACOSX_DEPLOYMENT_TARGET = 12.5;
				MARKETING_VERSION = 1.0;
				PRODUCT_BUNDLE_IDENTIFIER = "com.emrehoser.Emre-Note";
				PRODUCT_NAME = "$(TARGET_NAME)";
				SDKROOT = auto;
				SUPPORTED_PLATFORMS = "iphoneos iphonesimulator macosx";
				SWIFT_EMIT_LOC_STRINGS = YES;
				SWIFT_VERSION = 5.0;
				TARGETED_DEVICE_FAMILY = "1,2";
			};
			name = Release;
		};
/* End XCBuildConfiguration section */

/* Begin XCConfigurationList section */
		1AF6A6A329AE632E008B1C48 /* Build configuration list for PBXProject "Emre Note" */ = {
			isa = XCConfigurationList;
			buildConfigurations = (
				1AF6A6BA29AE632E008B1C48 /* Debug */,
				1AF6A6BB29AE632E008B1C48 /* Release */,
			);
			defaultConfigurationIsVisible = 0;
			defaultConfigurationName = Release;
		};
		1AF6A6BC29AE632E008B1C48 /* Build configuration list for PBXNativeTarget "Emre Note" */ = {
			isa = XCConfigurationList;
			buildConfigurations = (
				1AF6A6BD29AE632E008B1C48 /* Debug */,
				1AF6A6BE29AE632E008B1C48 /* Release */,
			);
			defaultConfigurationIsVisible = 0;
			defaultConfigurationName = Release;
		};
/* End XCConfigurationList section */

/* Begin XCVersionGroup section */
		1AF6A6AF29AE632E008B1C48 /* Emre_Note.xcdatamodeld */ = {
			isa = XCVersionGroup;
			children = (
				1AF6A6B029AE632E008B1C48 /* Emre_Note.xcdatamodel */,
			);
			currentVersion = 1AF6A6B029AE632E008B1C48 /* Emre_Note.xcdatamodel */;
			path = Emre_Note.xcdatamodeld;
			sourceTree = "<group>";
			versionGroupType = wrapper.xcdatamodel;
		};
/* End XCVersionGroup section */
	};
	rootObject = 1AF6A6A029AE632E008B1C48 /* Project object */;
}
